
Microsoft Visual Studio Solution File, Format Version 12.00
# Visual Studio 15
VisualStudioVersion = 15.0.26124.0
MinimumVisualStudioVersion = 15.0.26124.0
Project("{2150E333-8FDC-42A3-9474-1A3956D46DE8}") = "src", "src", "{F372898C-907A-4F22-A090-7032D9C9F006}"
EndProject
Project("{FAE04EC0-301F-11D3-BF4B-00C04F79EFBC}") = "Program", "src\Program\Program.csproj", "{C562D9D3-FACF-4A16-9AE6-593C695FD246}"
EndProject
Project("{FAE04EC0-301F-11D3-BF4B-00C04F79EFBC}") = "Library", "src\Vigenere\Vigenere.Library.csproj", "{0E9F298D-0BF9-4A46-9B16-33C1FFD471B0}"
EndProject
Project("{2150E333-8FDC-42A3-9474-1A3956D46DE8}") = "test", "test", "{B4B31E63-D185-4500-BCA5-BD92530D2A66}"
EndProject
Project("{FAE04EC0-301F-11D3-BF4B-00C04F79EFBC}") = "Test.Library", "src\test\Test.Library\Test.Library.csproj", "{BD02266C-BAD0-4E4B-8E5C-B62C92E4A590}"
EndProject
Global
	GlobalSection(SolutionConfigurationPlatforms) = preSolution
		Debug|Any CPU = Debug|Any CPU
		Debug|x64 = Debug|x64
		Debug|x86 = Debug|x86
		Release|Any CPU = Release|Any CPU
		Release|x64 = Release|x64
		Release|x86 = Release|x86
	EndGlobalSection
	GlobalSection(SolutionProperties) = preSolution
		HideSolutionNode = FALSE
	EndGlobalSection
	GlobalSection(ProjectConfigurationPlatforms) = postSolution
		{C562D9D3-FACF-4A16-9AE6-593C695FD246}.Debug|Any CPU.ActiveCfg = Debug|Any CPU
		{C562D9D3-FACF-4A16-9AE6-593C695FD246}.Debug|Any CPU.Build.0 = Debug|Any CPU
		{C562D9D3-FACF-4A16-9AE6-593C695FD246}.Debug|x64.ActiveCfg = Debug|Any CPU
		{C562D9D3-FACF-4A16-9AE6-593C695FD246}.Debug|x64.Build.0 = Debug|Any CPU
		{C562D9D3-FACF-4A16-9AE6-593C695FD246}.Debug|x86.ActiveCfg = Debug|Any CPU
		{C562D9D3-FACF-4A16-9AE6-593C695FD246}.Debug|x86.Build.0 = Debug|Any CPU
		{C562D9D3-FACF-4A16-9AE6-593C695FD246}.Release|Any CPU.ActiveCfg = Release|Any CPU
		{C562D9D3-FACF-4A16-9AE6-593C695FD246}.Release|Any CPU.Build.0 = Release|Any CPU
		{C562D9D3-FACF-4A16-9AE6-593C695FD246}.Release|x64.ActiveCfg = Release|Any CPU
		{C562D9D3-FACF-4A16-9AE6-593C695FD246}.Release|x64.Build.0 = Release|Any CPU
		{C562D9D3-FACF-4A16-9AE6-593C695FD246}.Release|x86.ActiveCfg = Release|Any CPU
		{C562D9D3-FACF-4A16-9AE6-593C695FD246}.Release|x86.Build.0 = Release|Any CPU
		{0E9F298D-0BF9-4A46-9B16-33C1FFD471B0}.Debug|Any CPU.ActiveCfg = Debug|Any CPU
		{0E9F298D-0BF9-4A46-9B16-33C1FFD471B0}.Debug|Any CPU.Build.0 = Debug|Any CPU
		{0E9F298D-0BF9-4A46-9B16-33C1FFD471B0}.Debug|x64.ActiveCfg = Debug|Any CPU
		{0E9F298D-0BF9-4A46-9B16-33C1FFD471B0}.Debug|x64.Build.0 = Debug|Any CPU
		{0E9F298D-0BF9-4A46-9B16-33C1FFD471B0}.Debug|x86.ActiveCfg = Debug|Any CPU
		{0E9F298D-0BF9-4A46-9B16-33C1FFD471B0}.Debug|x86.Build.0 = Debug|Any CPU
		{0E9F298D-0BF9-4A46-9B16-33C1FFD471B0}.Release|Any CPU.ActiveCfg = Release|Any CPU
		{0E9F298D-0BF9-4A46-9B16-33C1FFD471B0}.Release|Any CPU.Build.0 = Release|Any CPU
		{0E9F298D-0BF9-4A46-9B16-33C1FFD471B0}.Release|x64.ActiveCfg = Release|Any CPU
		{0E9F298D-0BF9-4A46-9B16-33C1FFD471B0}.Release|x64.Build.0 = Release|Any CPU
		{0E9F298D-0BF9-4A46-9B16-33C1FFD471B0}.Release|x86.ActiveCfg = Release|Any CPU
		{0E9F298D-0BF9-4A46-9B16-33C1FFD471B0}.Release|x86.Build.0 = Release|Any CPU
		{BD02266C-BAD0-4E4B-8E5C-B62C92E4A590}.Debug|Any CPU.ActiveCfg = Debug|Any CPU
		{BD02266C-BAD0-4E4B-8E5C-B62C92E4A590}.Debug|Any CPU.Build.0 = Debug|Any CPU
		{BD02266C-BAD0-4E4B-8E5C-B62C92E4A590}.Debug|x64.ActiveCfg = Debug|Any CPU
		{BD02266C-BAD0-4E4B-8E5C-B62C92E4A590}.Debug|x64.Build.0 = Debug|Any CPU
		{BD02266C-BAD0-4E4B-8E5C-B62C92E4A590}.Debug|x86.ActiveCfg = Debug|Any CPU
		{BD02266C-BAD0-4E4B-8E5C-B62C92E4A590}.Debug|x86.Build.0 = Debug|Any CPU
		{BD02266C-BAD0-4E4B-8E5C-B62C92E4A590}.Release|Any CPU.ActiveCfg = Release|Any CPU
		{BD02266C-BAD0-4E4B-8E5C-B62C92E4A590}.Release|Any CPU.Build.0 = Release|Any CPU
		{BD02266C-BAD0-4E4B-8E5C-B62C92E4A590}.Release|x64.ActiveCfg = Release|Any CPU
		{BD02266C-BAD0-4E4B-8E5C-B62C92E4A590}.Release|x64.Build.0 = Release|Any CPU
		{BD02266C-BAD0-4E4B-8E5C-B62C92E4A590}.Release|x86.ActiveCfg = Release|Any CPU
		{BD02266C-BAD0-4E4B-8E5C-B62C92E4A590}.Release|x86.Build.0 = Release|Any CPU
	EndGlobalSection
	GlobalSection(NestedProjects) = preSolution
		{C562D9D3-FACF-4A16-9AE6-593C695FD246} = {F372898C-907A-4F22-A090-7032D9C9F006}
		{0E9F298D-0BF9-4A46-9B16-33C1FFD471B0} = {F372898C-907A-4F22-A090-7032D9C9F006}
		{B4B31E63-D185-4500-BCA5-BD92530D2A66} = {F372898C-907A-4F22-A090-7032D9C9F006}
		{BD02266C-BAD0-4E4B-8E5C-B62C92E4A590} = {B4B31E63-D185-4500-BCA5-BD92530D2A66}
	EndGlobalSection
EndGlobal
